PODS:
  - IQTextView (1.0.1)
  - SwiftLint (0.56.1)

DEPENDENCIES:
  - IQTextView (from `../`)
  - SwiftLint

SPEC REPOS:
  trunk:
    - SwiftLint

EXTERNAL SOURCES:
  IQTextView:
    :path: "../"

SPEC CHECKSUMS:
  IQTextView: a6dac50cd471257bcee8852b638b73044ff5d22c
  SwiftLint: c5fa0b7eece474d43d2178b581a1242a16267347

PODFILE CHECKSUM: 85401901f7fe1edd6eeb19abf6999b16aa32ba1a

COCOAPODS: 1.15.2
