{
  "pins" : [
    {
      "identity" : "iqkeyboardcore",
      "kind" : "remoteSourceControl",
      "location" : "https://github.com/mohammad19991/IQKeyboardCore.git",
      "state" : {
        "revision" : "34a7f5124d51f5bff394b3c5c28b004ac66db829",
        "version" : "1.0.9"
      }
    },
    {
      "identity" : "iqkeyboardtoolbar",
      "kind" : "remoteSourceControl",
      "location" : "https://github.com/mohammad19991/IQKeyboardToolbar.git",
      "state" : {
        "revision" : "de09914898bf0a6249930e7d615e2abda7dba4fe",
        "version" : "1.1.4"
      }
    }
  ],
  "version" : 2
}
